
Microsoft Visual Studio Solution File, Format Version 12.00
# Visual Studio 15
VisualStudioVersion = 15.0.27130.2010
MinimumVisualStudioVersion = 10.0.40219.1
Project("{8BC9CEB8-8B4A-11D0-8D11-00A0C91BC942}") = "03_weird_return", "03_weird_return.vcxproj", "{E5D00C75-B9C9-487D-A696-A81B928CA8D1}"
EndProject
Global
	GlobalSection(SolutionConfigurationPlatforms) = preSolution
		Debug|x64 = Debug|x64
		Debug|x86 = Debug|x86
		Release|x64 = Release|x64
		Release|x86 = Release|x86
	EndGlobalSection
	GlobalSection(ProjectConfigurationPlatforms) = postSolution
		{E5D00C75-B9C9-487D-A696-A81B928CA8D1}.Debug|x64.ActiveCfg = Debug|x64
		{E5D00C75-B9C9-487D-A696-A81B928CA8D1}.Debug|x64.Build.0 = Debug|x64
		{E5D00C75-B9C9-487D-A696-A81B928CA8D1}.Debug|x86.ActiveCfg = Debug|Win32
		{E5D00C75-B9C9-487D-A696-A81B928CA8D1}.Debug|x86.Build.0 = Debug|Win32
		{E5D00C75-B9C9-487D-A696-A81B928CA8D1}.Release|x64.ActiveCfg = Release|x64
		{E5D00C75-B9C9-487D-A696-A81B928CA8D1}.Release|x64.Build.0 = Release|x64
		{E5D00C75-B9C9-487D-A696-A81B928CA8D1}.Release|x86.ActiveCfg = Release|Win32
		{E5D00C75-B9C9-487D-A696-A81B928CA8D1}.Release|x86.Build.0 = Release|Win32
	EndGlobalSection
	GlobalSection(SolutionProperties) = preSolution
		HideSolutionNode = FALSE
	EndGlobalSection
	GlobalSection(ExtensibilityGlobals) = postSolution
		SolutionGuid = {F5192F28-4DD8-4B84-BA4F-ED6B56A7A70E}
	EndGlobalSection
EndGlobal
